[[package]]
name = "asciitree"
version = "0.3.3"
description = "Draws ASCII trees."
category = "main"
optional = false
python-versions = "*"

[[package]]
name = "cloudpickle"
version = "2.1.0"
description = "Extended pickling support for Python objects"
category = "main"
optional = false
python-versions = ">=3.6"

[[package]]
name = "dask"
version = "2022.8.1"
description = "Parallel PyData with Task Scheduling"
category = "main"
optional = false
python-versions = ">=3.8"

[package.dependencies]
cloudpickle = ">=1.1.1"
fsspec = ">=0.6.0"
packaging = ">=20.0"
partd = ">=0.3.10"
pyyaml = ">=5.3.1"
toolz = ">=0.8.2"

[package.extras]
array = ["numpy (>=1.18)"]
complete = ["bokeh (>=2.4.2)", "distributed (==2022.8.1)", "jinja2", "numpy (>=1.18)", "pandas (>=1.0)"]
dataframe = ["numpy (>=1.18)", "pandas (>=1.0)"]
diagnostics = ["bokeh (>=2.4.2)", "jinja2"]
distributed = ["distributed (==2022.8.1)"]
test = ["pandas[test]", "pre-commit", "pytest", "pytest-rerunfailures", "pytest-xdist"]

[[package]]
name = "entrypoints"
version = "0.4"
description = "Discover and load entry points from installed packages."
category = "main"
optional = false
python-versions = ">=3.6"

[[package]]
name = "fasteners"
version = "0.17.3"
description = "A python package that provides useful locks"
category = "main"
optional = false
python-versions = ">=3.6"

[[package]]
name = "fsspec"
version = "2022.8.2"
description = "File-system specification"
category = "main"
optional = false
python-versions = ">=3.7"

[package.extras]
abfs = ["adlfs"]
adl = ["adlfs"]
arrow = ["pyarrow (>=1)"]
dask = ["dask", "distributed"]
dropbox = ["dropbox", "dropboxdrivefs", "requests"]
entrypoints = ["importlib-metadata"]
fuse = ["fusepy"]
gcs = ["gcsfs"]
git = ["pygit2"]
github = ["requests"]
gs = ["gcsfs"]
gui = ["panel"]
hdfs = ["pyarrow (>=1)"]
http = ["aiohttp (!=4.0.0a0,!=4.0.0a1)", "requests"]
libarchive = ["libarchive-c"]
oci = ["ocifs"]
s3 = ["s3fs"]
sftp = ["paramiko"]
smb = ["smbprotocol"]
ssh = ["paramiko"]
tqdm = ["tqdm"]

[[package]]
name = "locket"
version = "1.0.0"
description = "File-based locks for Python on Linux and Windows"
category = "main"
optional = false
python-versions = ">=2.7, !=3.0.*, !=3.1.*, !=3.2.*, !=3.3.*"

[[package]]
name = "numcodecs"
version = "0.10.2"
description = "A Python package providing buffer compression and transformation codecs for use in data storage and communication applications."
category = "main"
optional = false
python-versions = ">=3.7, <4"

[package.dependencies]
entrypoints = "*"
numpy = ">=1.7"
typing-extensions = ">=3.7.4"

[package.extras]
msgpack = ["msgpack"]

[[package]]
name = "numpy"
version = "1.23.2"
description = "NumPy is the fundamental package for array computing with Python."
category = "main"
optional = false
python-versions = ">=3.8"

[[package]]
name = "opencv-python"
version = "4.6.0.66"
description = "Wrapper package for OpenCV python bindings."
category = "main"
optional = false
python-versions = ">=3.6"

[package.dependencies]
numpy = [
    {version = ">=1.21.2", markers = "python_version >= \"3.10\" or python_version >= \"3.6\" and platform_system == \"Darwin\" and platform_machine == \"arm64\""},
    {version = ">=1.19.3", markers = "python_version >= \"3.6\" and platform_system == \"Linux\" and platform_machine == \"aarch64\" or python_version >= \"3.9\""},
    {version = ">=1.14.5", markers = "python_version >= \"3.7\""},
    {version = ">=1.17.3", markers = "python_version >= \"3.8\""},
]

[[package]]
name = "packaging"
version = "21.3"
description = "Core utilities for Python packages"
category = "main"
optional = false
python-versions = ">=3.6"

[package.dependencies]
pyparsing = ">=2.0.2,<3.0.5 || >3.0.5"

[[package]]
name = "pandas"
version = "1.4.4"
description = "Powerful data structures for data analysis, time series, and statistics"
category = "main"
optional = false
python-versions = ">=3.8"

[package.dependencies]
numpy = [
    {version = ">=1.20.0", markers = "platform_machine == \"arm64\" and python_version < \"3.10\""},
    {version = ">=1.21.0", markers = "python_version >= \"3.10\""},
    {version = ">=1.18.5", markers = "platform_machine != \"aarch64\" and platform_machine != \"arm64\" and python_version < \"3.10\""},
    {version = ">=1.19.2", markers = "platform_machine == \"aarch64\" and python_version < \"3.10\""},
]
python-dateutil = ">=2.8.1"
pytz = ">=2020.1"

[package.extras]
test = ["hypothesis (>=5.5.3)", "pytest (>=6.0)", "pytest-xdist (>=1.31)"]

[[package]]
name = "partd"
version = "1.3.0"
description = "Appendable key-value storage"
category = "main"
optional = false
python-versions = ">=3.7"

[package.dependencies]
locket = "*"
toolz = "*"

[package.extras]
complete = ["blosc", "numpy (>=1.9.0)", "pandas (>=0.19.0)", "pyzmq"]

[[package]]
name = "pathlib"
version = "1.0.1"
description = "Object-oriented filesystem paths"
category = "main"
optional = false
python-versions = "*"

[[package]]
name = "pyparsing"
version = "3.0.9"
description = "pyparsing module - Classes and methods to define and execute parsing grammars"
category = "main"
optional = false
python-versions = ">=3.6.8"

[package.extras]
diagrams = ["jinja2", "railroad-diagrams"]

[[package]]
name = "python-dateutil"
version = "2.8.2"
description = "Extensions to the standard Python datetime module"
category = "main"
optional = false
python-versions = "!=3.0.*,!=3.1.*,!=3.2.*,>=2.7"

[package.dependencies]
six = ">=1.5"

[[package]]
name = "pytz"
version = "2022.2.1"
description = "World timezone definitions, modern and historical"
category = "main"
optional = false
python-versions = "*"

[[package]]
name = "PyYAML"
version = "6.0"
description = "YAML parser and emitter for Python"
category = "main"
optional = false
python-versions = ">=3.6"

[[package]]
name = "six"
version = "1.16.0"
description = "Python 2 and 3 compatibility utilities"
category = "main"
optional = false
python-versions = ">=2.7, !=3.0.*, !=3.1.*, !=3.2.*"

[[package]]
name = "tifffile"
version = "2022.8.12"
description = "Read and write TIFF files"
category = "main"
optional = false
python-versions = ">=3.8"

[package.dependencies]
numpy = ">=1.19.2"

[package.extras]
all = ["imagecodecs (>=2022.2.22)", "lxml", "matplotlib (>=3.3)"]

[[package]]
name = "toolz"
version = "0.12.0"
description = "List processing tools and functional utilities"
category = "main"
optional = false
python-versions = ">=3.5"

[[package]]
name = "typing-extensions"
version = "4.3.0"
description = "Backported and Experimental Type Hints for Python 3.7+"
category = "main"
optional = false
python-versions = ">=3.7"

[[package]]
name = "zarr"
version = "2.12.0"
description = "An implementation of chunked, compressed, N-dimensional arrays for Python."
category = "main"
optional = false
python-versions = ">=3.7, <4"

[package.dependencies]
asciitree = "*"
fasteners = "*"
numcodecs = ">=0.6.4"
numpy = ">=1.7"

[package.extras]
jupyter = ["ipytree", "notebook"]

[metadata]
lock-version = "1.1"
python-versions = "^3.8"
content-hash = "216aba12f1172a15d885928f236c83bdecbbbc03aad8cf086abab9b385beefe8"

[metadata.files]
asciitree = [
    {file = "asciitree-0.3.3.tar.gz", hash = "sha256:4aa4b9b649f85e3fcb343363d97564aa1fb62e249677f2e18a96765145cc0f6e"},
]
cloudpickle = [
    {file = "cloudpickle-2.1.0-py3-none-any.whl", hash = "sha256:b5c434f75c34624eedad3a14f2be5ac3b5384774d5b0e3caf905c21479e6c4b1"},
    {file = "cloudpickle-2.1.0.tar.gz", hash = "sha256:bb233e876a58491d9590a676f93c7a5473a08f747d5ab9df7f9ce564b3e7938e"},
]
dask = [
    {file = "dask-2022.8.1-py3-none-any.whl", hash = "sha256:4da3f645c638e19ada4b162942adce24a6fcbaa48e9d12bef3d976e24ae17607"},
    {file = "dask-2022.8.1.tar.gz", hash = "sha256:84f9f229e4fc6c0df8a23620f2b03f277b1bfb15a497603c704743443e38d420"},
]
entrypoints = [
    {file = "entrypoints-0.4-py3-none-any.whl", hash = "sha256:f174b5ff827504fd3cd97cc3f8649f3693f51538c7e4bdf3ef002c8429d42f9f"},
    {file = "entrypoints-0.4.tar.gz", hash = "sha256:b706eddaa9218a19ebcd67b56818f05bb27589b1ca9e8d797b74affad4ccacd4"},
]
fasteners = [
    {file = "fasteners-0.17.3-py3-none-any.whl", hash = "sha256:cae0772df265923e71435cc5057840138f4e8b6302f888a567d06ed8e1cbca03"},
    {file = "fasteners-0.17.3.tar.gz", hash = "sha256:a9a42a208573d4074c77d041447336cf4e3c1389a256fd3e113ef59cf29b7980"},
]
fsspec = [
    {file = "fsspec-2022.8.2-py3-none-any.whl", hash = "sha256:6374804a2c0d24f225a67d009ee1eabb4046ad00c793c3f6df97e426c890a1d9"},
    {file = "fsspec-2022.8.2.tar.gz", hash = "sha256:7f12b90964a98a7e921d27fb36be536ea036b73bf3b724ac0b0bd7b8e39c7c18"},
]
locket = [
    {file = "locket-1.0.0-py2.py3-none-any.whl", hash = "sha256:b6c819a722f7b6bd955b80781788e4a66a55628b858d347536b7e81325a3a5e3"},
    {file = "locket-1.0.0.tar.gz", hash = "sha256:5c0d4c052a8bbbf750e056a8e65ccd309086f4f0f18a2eac306a8dfa4112a632"},
]
numcodecs = [
    {file = "numcodecs-0.10.2-cp310-cp310-macosx_10_9_x86_64.whl", hash = "sha256:a813bdc8b7d1f488562c34b9c6ae65a418008cc05a095c9b04f5aec937646b6a"},
    {file = "numcodecs-0.10.2-cp310-cp310-manylinux_2_17_x86_64.manylinux2014_x86_64.whl", hash = "sha256:cd0850692fddcbd4f4a2b3d690b3fbd5b3adf82dcc5e72c46f89ba77cffde29d"},
    {file = "numcodecs-0.10.2-cp310-cp310-win_amd64.whl", hash = "sha256:a8a1db53f7cc892bf2af4017ca987e11aac5633c2b8bc3fb94bfc5b5f2e19cca"},
    {file = "numcodecs-0.10.2-cp37-cp37m-macosx_10_9_x86_64.whl", hash = "sha256:3a0fac8c6e0cdea85ec039e72ea19a0361e6db3f8b8c7b20a467e31e0c767128"},
    {file = "numcodecs-0.10.2-cp37-cp37m-manylinux_2_17_x86_64.manylinux2014_x86_64.whl", hash = "sha256:bfb72d0dcf2e8c4ed274f231324e86ad1e95dc600e83ba67eea984a6d14560cd"},
    {file = "numcodecs-0.10.2-cp37-cp37m-win_amd64.whl", hash = "sha256:bef5d5ec7bbc2242ae51b7813cdf9ccbf6323aefd7927a3b61e6e8c2902e32e8"},
    {file = "numcodecs-0.10.2-cp38-cp38-macosx_10_9_x86_64.whl", hash = "sha256:2ccd46e5781fdc0d40cb8317525c859bbf932f56e5815d57ce5f96d1939bdc29"},
    {file = "numcodecs-0.10.2-cp38-cp38-manylinux_2_17_x86_64.manylinux2014_x86_64.whl", hash = "sha256:cb42dbc2a5cbbbf11a9d61999cb91b9e76b96a69a1f70470a75698161f36abb6"},
    {file = "numcodecs-0.10.2-cp38-cp38-win_amd64.whl", hash = "sha256:92263324aa756ed335e6809c6c42449023707d63a2980acb1cf51bd69db02160"},
    {file = "numcodecs-0.10.2-cp39-cp39-macosx_10_9_x86_64.whl", hash = "sha256:2f63b8023d34735ae31cfcf6de13ffe9322ec3a3cf3500032745e3a6cdb0af09"},
    {file = "numcodecs-0.10.2-cp39-cp39-manylinux_2_17_x86_64.manylinux2014_x86_64.whl", hash = "sha256:0529743371a0b09f81966dc857d2641e292d31bae66b9ed1b385fa49b94e3efc"},
    {file = "numcodecs-0.10.2-cp39-cp39-win_amd64.whl", hash = "sha256:6cfe0de3990df088567b6f13baf3cb3328ec71c2c0d8885583a86ec9223c3ca1"},
    {file = "numcodecs-0.10.2.tar.gz", hash = "sha256:22838c6b3fd986bd9c724039b88870057f790e22b20e6e1cbbaa0de142dd59c4"},
]
numpy = [
    {file = "numpy-1.23.2-cp310-cp310-macosx_10_9_x86_64.whl", hash = "sha256:e603ca1fb47b913942f3e660a15e55a9ebca906857edfea476ae5f0fe9b457d5"},
    {file = "numpy-1.23.2-cp310-cp310-macosx_11_0_arm64.whl", hash = "sha256:633679a472934b1c20a12ed0c9a6c9eb167fbb4cb89031939bfd03dd9dbc62b8"},
    {file = "numpy-1.23.2-cp310-cp310-manylinux_2_17_aarch64.manylinux2014_aarch64.whl", hash = "sha256:17e5226674f6ea79e14e3b91bfbc153fdf3ac13f5cc54ee7bc8fdbe820a32da0"},
    {file = "numpy-1.23.2-cp310-cp310-manylinux_2_17_x86_64.manylinux2014_x86_64.whl", hash = "sha256:bdc02c0235b261925102b1bd586579b7158e9d0d07ecb61148a1799214a4afd5"},
    {file = "numpy-1.23.2-cp310-cp310-win32.whl", hash = "sha256:df28dda02c9328e122661f399f7655cdcbcf22ea42daa3650a26bce08a187450"},
    {file = "numpy-1.23.2-cp310-cp310-win_amd64.whl", hash = "sha256:8ebf7e194b89bc66b78475bd3624d92980fca4e5bb86dda08d677d786fefc414"},
    {file = "numpy-1.23.2-cp311-cp311-macosx_10_9_x86_64.whl", hash = "sha256:dc76bca1ca98f4b122114435f83f1fcf3c0fe48e4e6f660e07996abf2f53903c"},
    {file = "numpy-1.23.2-cp311-cp311-macosx_11_0_arm64.whl", hash = "sha256:ecfdd68d334a6b97472ed032b5b37a30d8217c097acfff15e8452c710e775524"},
    {file = "numpy-1.23.2-cp311-cp311-manylinux_2_17_aarch64.manylinux2014_aarch64.whl", hash = "sha256:5593f67e66dea4e237f5af998d31a43e447786b2154ba1ad833676c788f37cde"},
    {file = "numpy-1.23.2-cp311-cp311-manylinux_2_17_x86_64.manylinux2014_x86_64.whl", hash = "sha256:ac987b35df8c2a2eab495ee206658117e9ce867acf3ccb376a19e83070e69418"},
    {file = "numpy-1.23.2-cp311-cp311-win32.whl", hash = "sha256:d98addfd3c8728ee8b2c49126f3c44c703e2b005d4a95998e2167af176a9e722"},
    {file = "numpy-1.23.2-cp311-cp311-win_amd64.whl", hash = "sha256:8ecb818231afe5f0f568c81f12ce50f2b828ff2b27487520d85eb44c71313b9e"},
    {file = "numpy-1.23.2-cp38-cp38-macosx_10_9_x86_64.whl", hash = "sha256:909c56c4d4341ec8315291a105169d8aae732cfb4c250fbc375a1efb7a844f8f"},
    {file = "numpy-1.23.2-cp38-cp38-macosx_11_0_arm64.whl", hash = "sha256:8247f01c4721479e482cc2f9f7d973f3f47810cbc8c65e38fd1bbd3141cc9842"},
    {file = "numpy-1.23.2-cp38-cp38-manylinux_2_17_aarch64.manylinux2014_aarch64.whl", hash = "sha256:b8b97a8a87cadcd3f94659b4ef6ec056261fa1e1c3317f4193ac231d4df70215"},
    {file = "numpy-1.23.2-cp38-cp38-manylinux_2_17_x86_64.manylinux2014_x86_64.whl", hash = "sha256:bd5b7ccae24e3d8501ee5563e82febc1771e73bd268eef82a1e8d2b4d556ae66"},
    {file = "numpy-1.23.2-cp38-cp38-win32.whl", hash = "sha256:9b83d48e464f393d46e8dd8171687394d39bc5abfe2978896b77dc2604e8635d"},
    {file = "numpy-1.23.2-cp38-cp38-win_amd64.whl", hash = "sha256:dec198619b7dbd6db58603cd256e092bcadef22a796f778bf87f8592b468441d"},
    {file = "numpy-1.23.2-cp39-cp39-macosx_10_9_x86_64.whl", hash = "sha256:4f41f5bf20d9a521f8cab3a34557cd77b6f205ab2116651f12959714494268b0"},
    {file = "numpy-1.23.2-cp39-cp39-macosx_11_0_arm64.whl", hash = "sha256:806cc25d5c43e240db709875e947076b2826f47c2c340a5a2f36da5bb10c58d6"},
    {file = "numpy-1.23.2-cp39-cp39-manylinux_2_17_aarch64.manylinux2014_aarch64.whl", hash = "sha256:8f9d84a24889ebb4c641a9b99e54adb8cab50972f0166a3abc14c3b93163f074"},
    {file = "numpy-1.23.2-cp39-cp39-manylinux_2_17_x86_64.manylinux2014_x86_64.whl", hash = "sha256:c403c81bb8ffb1c993d0165a11493fd4bf1353d258f6997b3ee288b0a48fce77"},
    {file = "numpy-1.23.2-cp39-cp39-win32.whl", hash = "sha256:cf8c6aed12a935abf2e290860af8e77b26a042eb7f2582ff83dc7ed5f963340c"},
    {file = "numpy-1.23.2-cp39-cp39-win_amd64.whl", hash = "sha256:5e28cd64624dc2354a349152599e55308eb6ca95a13ce6a7d5679ebff2962913"},
    {file = "numpy-1.23.2-pp38-pypy38_pp73-macosx_10_9_x86_64.whl", hash = "sha256:806970e69106556d1dd200e26647e9bee5e2b3f1814f9da104a943e8d548ca38"},
    {file = "numpy-1.23.2-pp38-pypy38_pp73-manylinux_2_17_x86_64.manylinux2014_x86_64.whl", hash = "sha256:2bd879d3ca4b6f39b7770829f73278b7c5e248c91d538aab1e506c628353e47f"},
    {file = "numpy-1.23.2-pp38-pypy38_pp73-win_amd64.whl", hash = "sha256:be6b350dfbc7f708d9d853663772a9310783ea58f6035eec649fb9c4371b5389"},
    {file = "numpy-1.23.2.tar.gz", hash = "sha256:b78d00e48261fbbd04aa0d7427cf78d18401ee0abd89c7559bbf422e5b1c7d01"},
]
opencv-python = [
    {file = "opencv-python-4.6.0.66.tar.gz", hash = "sha256:c5bfae41ad4031e66bb10ec4a0a2ffd3e514d092652781e8b1ac98d1b59f1158"},
    {file = "opencv_python-4.6.0.66-cp36-abi3-macosx_10_15_x86_64.whl", hash = "sha256:e6e448b62afc95c5b58f97e87ef84699e6607fe5c58730a03301c52496005cae"},
    {file = "opencv_python-4.6.0.66-cp36-abi3-manylinux_2_17_aarch64.manylinux2014_aarch64.whl", hash = "sha256:5af8ba35a4fcb8913ffb86e92403e9a656a4bff4a645d196987468f0f8947875"},
    {file = "opencv_python-4.6.0.66-cp36-abi3-manylinux_2_17_x86_64.manylinux2014_x86_64.whl", hash = "sha256:dbdc84a9b4ea2cbae33861652d25093944b9959279200b7ae0badd32439f74de"},
    {file = "opencv_python-4.6.0.66-cp36-abi3-win32.whl", hash = "sha256:f482e78de6e7b0b060ff994ffd859bddc3f7f382bb2019ef157b0ea8ca8712f5"},
    {file = "opencv_python-4.6.0.66-cp36-abi3-win_amd64.whl", hash = "sha256:0dc82a3d8630c099d2f3ac1b1aabee164e8188db54a786abb7a4e27eba309440"},
    {file = "opencv_python-4.6.0.66-cp37-abi3-macosx_11_0_arm64.whl", hash = "sha256:6e32af22e3202748bd233ed8f538741876191863882eba44e332d1a34993165b"},
]
packaging = [
    {file = "packaging-21.3-py3-none-any.whl", hash = "sha256:ef103e05f519cdc783ae24ea4e2e0f508a9c99b2d4969652eed6a2e1ea5bd522"},
    {file = "packaging-21.3.tar.gz", hash = "sha256:dd47c42927d89ab911e606518907cc2d3a1f38bbd026385970643f9c5b8ecfeb"},
]
pandas = [
    {file = "pandas-1.4.4-cp310-cp310-macosx_10_9_universal2.whl", hash = "sha256:799e6a25932df7e6b1f8dabf63de064e2205dc309abb75956126a0453fd88e97"},
    {file = "pandas-1.4.4-cp310-cp310-macosx_10_9_x86_64.whl", hash = "sha256:7cd1d69a387f7d5e1a5a06a87574d9ef2433847c0e78113ab51c84d3a8bcaeaa"},
    {file = "pandas-1.4.4-cp310-cp310-macosx_11_0_arm64.whl", hash = "sha256:94f2ed1fd51e545ebf71da1e942fe1822ee01e10d3dd2a7276d01351333b7c6b"},
    {file = "pandas-1.4.4-cp310-cp310-manylinux_2_17_aarch64.manylinux2014_aarch64.whl", hash = "sha256:4591cadd06fbbbd16fafc2de6e840c1aaefeae3d5864b688004777ef1bbdede3"},
    {file = "pandas-1.4.4-cp310-cp310-manylinux_2_17_x86_64.manylinux2014_x86_64.whl", hash = "sha256:d0022fe6a313df1c4869b5edc012d734c6519a6fffa3cf70930f32e6a1078e49"},
    {file = "pandas-1.4.4-cp310-cp310-win_amd64.whl", hash = "sha256:785e878a6e6d8ddcdb8c181e600855402750052497d7fc6d6b508894f6b8830b"},
    {file = "pandas-1.4.4-cp38-cp38-macosx_10_9_universal2.whl", hash = "sha256:c4bb8b0ab9f94207d07e401d24baebfc63057246b1a5e0cd9ee50df85a656871"},
    {file = "pandas-1.4.4-cp38-cp38-macosx_10_9_x86_64.whl", hash = "sha256:51c424ca134fdaeac9a4acd719d1ab48046afc60943a489028f0413fdbe9ef1c"},
    {file = "pandas-1.4.4-cp38-cp38-macosx_11_0_arm64.whl", hash = "sha256:ce35f947202b0b99c660221d82beb91d2e6d553d55a40b30128204e3e2c63848"},
    {file = "pandas-1.4.4-cp38-cp38-manylinux_2_17_aarch64.manylinux2014_aarch64.whl", hash = "sha256:ee6f1848148ed3204235967613b0a32be2d77f214e9623f554511047705c1e04"},
    {file = "pandas-1.4.4-cp38-cp38-manylinux_2_17_x86_64.manylinux2014_x86_64.whl", hash = "sha256:e7cc960959be28d064faefc0cb2aef854d46b827c004ebea7e79b5497ed83e7d"},
    {file = "pandas-1.4.4-cp38-cp38-win32.whl", hash = "sha256:9d805bce209714b1c1fa29bfb1e42ad87e4c0a825e4b390c56a3e71593b7e8d8"},
    {file = "pandas-1.4.4-cp38-cp38-win_amd64.whl", hash = "sha256:afbddad78a98ec4d2ce08b384b81730de1ccc975b99eb663e6dac43703f36d98"},
    {file = "pandas-1.4.4-cp39-cp39-macosx_10_9_universal2.whl", hash = "sha256:a08ceb59db499864c58a9bf85ab6219d527d91f14c0240cc25fa2c261032b2a7"},
    {file = "pandas-1.4.4-cp39-cp39-macosx_10_9_x86_64.whl", hash = "sha256:0959c41004e3d2d16f39c828d6da66ebee329836a7ecee49fb777ac9ad8a7501"},
    {file = "pandas-1.4.4-cp39-cp39-macosx_11_0_arm64.whl", hash = "sha256:87b4194f344dcd14c0f885cecb22005329b38bda10f1aaf7b9596a00ec8a4768"},
    {file = "pandas-1.4.4-cp39-cp39-manylinux_2_17_aarch64.manylinux2014_aarch64.whl", hash = "sha256:9d2a7a3c1fea668d56bd91edbd5f2732e0af8feb9d2bf8d9bfacb2dea5fa9536"},
    {file = "pandas-1.4.4-cp39-cp39-manylinux_2_17_x86_64.manylinux2014_x86_64.whl", hash = "sha256:a981cfabf51c318a562deb4ae7deec594c07aee7cf18b4594a92c23718ec8275"},
    {file = "pandas-1.4.4-cp39-cp39-win32.whl", hash = "sha256:050aada67a5ec6699a7879e769825b510018a95fb9ac462bb1867483d0974a97"},
    {file = "pandas-1.4.4-cp39-cp39-win_amd64.whl", hash = "sha256:8d4d2fe2863ecddb0ba1979bdda26c8bc2ea138f5a979abe3ba80c0fa4015c91"},
    {file = "pandas-1.4.4.tar.gz", hash = "sha256:ab6c0d738617b675183e5f28db32b5148b694ad9bba0a40c3ea26d96b431db67"},
]
partd = [
    {file = "partd-1.3.0-py3-none-any.whl", hash = "sha256:6393a0c898a0ad945728e34e52de0df3ae295c5aff2e2926ba7cc3c60a734a15"},
    {file = "partd-1.3.0.tar.gz", hash = "sha256:ce91abcdc6178d668bcaa431791a5a917d902341cb193f543fe445d494660485"},
]
pathlib = [
    {file = "pathlib-1.0.1-py3-none-any.whl", hash = "sha256:f35f95ab8b0f59e6d354090350b44a80a80635d22efdedfa84c7ad1cf0a74147"},
    {file = "pathlib-1.0.1.tar.gz", hash = "sha256:6940718dfc3eff4258203ad5021090933e5c04707d5ca8cc9e73c94a7894ea9f"},
]
pyparsing = [
    {file = "pyparsing-3.0.9-py3-none-any.whl", hash = "sha256:5026bae9a10eeaefb61dab2f09052b9f4307d44aee4eda64b309723d8d206bbc"},
    {file = "pyparsing-3.0.9.tar.gz", hash = "sha256:2b020ecf7d21b687f219b71ecad3631f644a47f01403fa1d1036b0c6416d70fb"},
]
python-dateutil = [
    {file = "python-dateutil-2.8.2.tar.gz", hash = "sha256:0123cacc1627ae19ddf3c27a5de5bd67ee4586fbdd6440d9748f8abb483d3e86"},
    {file = "python_dateutil-2.8.2-py2.py3-none-any.whl", hash = "sha256:961d03dc3453ebbc59dbdea9e4e11c5651520a876d0f4db161e8674aae935da9"},
]
pytz = [
    {file = "pytz-2022.2.1-py2.py3-none-any.whl", hash = "sha256:220f481bdafa09c3955dfbdddb7b57780e9a94f5127e35456a48589b9e0c0197"},
    {file = "pytz-2022.2.1.tar.gz", hash = "sha256:cea221417204f2d1a2aa03ddae3e867921971d0d76f14d87abb4414415bbdcf5"},
]
PyYAML = [
    {file = "PyYAML-6.0-cp310-cp310-macosx_10_9_x86_64.whl", hash = "sha256:d4db7c7aef085872ef65a8fd7d6d09a14ae91f691dec3e87ee5ee0539d516f53"},
    {file = "PyYAML-6.0-cp310-cp310-macosx_11_0_arm64.whl", hash = "sha256:9df7ed3b3d2e0ecfe09e14741b857df43adb5a3ddadc919a2d94fbdf78fea53c"},
    {file = "PyYAML-6.0-cp310-cp310-manylinux_2_17_aarch64.manylinux2014_aarch64.whl", hash = "sha256:77f396e6ef4c73fdc33a9157446466f1cff553d979bd00ecb64385760c6babdc"},
    {file = "PyYAML-6.0-cp310-cp310-manylinux_2_17_s390x.manylinux2014_s390x.whl", hash = "sha256:a80a78046a72361de73f8f395f1f1e49f956c6be882eed58505a15f3e430962b"},
    {file = "PyYAML-6.0-cp310-cp310-manylinux_2_5_x86_64.manylinux1_x86_64.manylinux_2_12_x86_64.manylinux2010_x86_64.whl", hash = "sha256:f84fbc98b019fef2ee9a1cb3ce93e3187a6df0b2538a651bfb890254ba9f90b5"},
    {file = "PyYAML-6.0-cp310-cp310-win32.whl", hash = "sha256:2cd5df3de48857ed0544b34e2d40e9fac445930039f3cfe4bcc592a1f836d513"},
    {file = "PyYAML-6.0-cp310-cp310-win_amd64.whl", hash = "sha256:daf496c58a8c52083df09b80c860005194014c3698698d1a57cbcfa182142a3a"},
    {file = "PyYAML-6.0-cp36-cp36m-macosx_10_9_x86_64.whl", hash = "sha256:897b80890765f037df3403d22bab41627ca8811ae55e9a722fd0392850ec4d86"},
    {file = "PyYAML-6.0-cp36-cp36m-manylinux_2_17_aarch64.manylinux2014_aarch64.whl", hash = "sha256:50602afada6d6cbfad699b0c7bb50d5ccffa7e46a3d738092afddc1f9758427f"},
    {file = "PyYAML-6.0-cp36-cp36m-manylinux_2_17_s390x.manylinux2014_s390x.whl", hash = "sha256:48c346915c114f5fdb3ead70312bd042a953a8ce5c7106d5bfb1a5254e47da92"},
    {file = "PyYAML-6.0-cp36-cp36m-manylinux_2_5_x86_64.manylinux1_x86_64.manylinux_2_12_x86_64.manylinux2010_x86_64.whl", hash = "sha256:98c4d36e99714e55cfbaaee6dd5badbc9a1ec339ebfc3b1f52e293aee6bb71a4"},
    {file = "PyYAML-6.0-cp36-cp36m-win32.whl", hash = "sha256:0283c35a6a9fbf047493e3a0ce8d79ef5030852c51e9d911a27badfde0605293"},
    {file = "PyYAML-6.0-cp36-cp36m-win_amd64.whl", hash = "sha256:07751360502caac1c067a8132d150cf3d61339af5691fe9e87803040dbc5db57"},
    {file = "PyYAML-6.0-cp37-cp37m-macosx_10_9_x86_64.whl", hash = "sha256:819b3830a1543db06c4d4b865e70ded25be52a2e0631ccd2f6a47a2822f2fd7c"},
    {file = "PyYAML-6.0-cp37-cp37m-manylinux_2_17_aarch64.manylinux2014_aarch64.whl", hash = "sha256:473f9edb243cb1935ab5a084eb238d842fb8f404ed2193a915d1784b5a6b5fc0"},
    {file = "PyYAML-6.0-cp37-cp37m-manylinux_2_17_s390x.manylinux2014_s390x.whl", hash = "sha256:0ce82d761c532fe4ec3f87fc45688bdd3a4c1dc5e0b4a19814b9009a29baefd4"},
    {file = "PyYAML-6.0-cp37-cp37m-manylinux_2_5_x86_64.manylinux1_x86_64.manylinux_2_12_x86_64.manylinux2010_x86_64.whl", hash = "sha256:231710d57adfd809ef5d34183b8ed1eeae3f76459c18fb4a0b373ad56bedcdd9"},
    {file = "PyYAML-6.0-cp37-cp37m-win32.whl", hash = "sha256:c5687b8d43cf58545ade1fe3e055f70eac7a5a1a0bf42824308d868289a95737"},
    {file = "PyYAML-6.0-cp37-cp37m-win_amd64.whl", hash = "sha256:d15a181d1ecd0d4270dc32edb46f7cb7733c7c508857278d3d378d14d606db2d"},
    {file = "PyYAML-6.0-cp38-cp38-macosx_10_9_x86_64.whl", hash = "sha256:0b4624f379dab24d3725ffde76559cff63d9ec94e1736b556dacdfebe5ab6d4b"},
    {file = "PyYAML-6.0-cp38-cp38-manylinux_2_17_aarch64.manylinux2014_aarch64.whl", hash = "sha256:213c60cd50106436cc818accf5baa1aba61c0189ff610f64f4a3e8c6726218ba"},
    {file = "PyYAML-6.0-cp38-cp38-manylinux_2_17_s390x.manylinux2014_s390x.whl", hash = "sha256:9fa600030013c4de8165339db93d182b9431076eb98eb40ee068700c9c813e34"},
    {file = "PyYAML-6.0-cp38-cp38-manylinux_2_5_x86_64.manylinux1_x86_64.manylinux_2_12_x86_64.manylinux2010_x86_64.whl", hash = "sha256:277a0ef2981ca40581a47093e9e2d13b3f1fbbeffae064c1d21bfceba2030287"},
    {file = "PyYAML-6.0-cp38-cp38-win32.whl", hash = "sha256:d4eccecf9adf6fbcc6861a38015c2a64f38b9d94838ac1810a9023a0609e1b78"},
    {file = "PyYAML-6.0-cp38-cp38-win_amd64.whl", hash = "sha256:1e4747bc279b4f613a09eb64bba2ba602d8a6664c6ce6396a4d0cd413a50ce07"},
    {file = "PyYAML-6.0-cp39-cp39-macosx_10_9_x86_64.whl", hash = "sha256:055d937d65826939cb044fc8c9b08889e8c743fdc6a32b33e2390f66013e449b"},
    {file = "PyYAML-6.0-cp39-cp39-macosx_11_0_arm64.whl", hash = "sha256:e61ceaab6f49fb8bdfaa0f92c4b57bcfbea54c09277b1b4f7ac376bfb7a7c174"},
    {file = "PyYAML-6.0-cp39-cp39-manylinux_2_17_aarch64.manylinux2014_aarch64.whl", hash = "sha256:d67d839ede4ed1b28a4e8909735fc992a923cdb84e618544973d7dfc71540803"},
    {file = "PyYAML-6.0-cp39-cp39-manylinux_2_17_s390x.manylinux2014_s390x.whl", hash = "sha256:cba8c411ef271aa037d7357a2bc8f9ee8b58b9965831d9e51baf703280dc73d3"},
    {file = "PyYAML-6.0-cp39-cp39-manylinux_2_5_x86_64.manylinux1_x86_64.manylinux_2_12_x86_64.manylinux2010_x86_64.whl", hash = "sha256:40527857252b61eacd1d9af500c3337ba8deb8fc298940291486c465c8b46ec0"},
    {file = "PyYAML-6.0-cp39-cp39-win32.whl", hash = "sha256:b5b9eccad747aabaaffbc6064800670f0c297e52c12754eb1d976c57e4f74dcb"},
    {file = "PyYAML-6.0-cp39-cp39-win_amd64.whl", hash = "sha256:b3d267842bf12586ba6c734f89d1f5b871df0273157918b0ccefa29deb05c21c"},
    {file = "PyYAML-6.0.tar.gz", hash = "sha256:68fb519c14306fec9720a2a5b45bc9f0c8d1b9c72adf45c37baedfcd949c35a2"},
]
six = [
    {file = "six-1.16.0-py2.py3-none-any.whl", hash = "sha256:8abb2f1d86890a2dfb989f9a77cfcfd3e47c2a354b01111771326f8aa26e0254"},
    {file = "six-1.16.0.tar.gz", hash = "sha256:1e61c37477a1626458e36f7b1d82aa5c9b094fa4802892072e49de9c60c4c926"},
]
tifffile = [
    {file = "tifffile-2022.8.12-py3-none-any.whl", hash = "sha256:1456f9f6943c85082ef4d73f5329038826da67f70d5d513873a06f3b1598d23e"},
    {file = "tifffile-2022.8.12.tar.gz", hash = "sha256:3e74e0fd48838477ebcf40e09b7780bd095ee5920b2238f485e2c68463a3dcb4"},
]
toolz = [
    {file = "toolz-0.12.0-py3-none-any.whl", hash = "sha256:2059bd4148deb1884bb0eb770a3cde70e7f954cfbbdc2285f1f2de01fd21eb6f"},
    {file = "toolz-0.12.0.tar.gz", hash = "sha256:88c570861c440ee3f2f6037c4654613228ff40c93a6c25e0eba70d17282c6194"},
]
typing-extensions = [
    {file = "typing_extensions-4.3.0-py3-none-any.whl", hash = "sha256:25642c956049920a5aa49edcdd6ab1e06d7e5d467fc00e0506c44ac86fbfca02"},
    {file = "typing_extensions-4.3.0.tar.gz", hash = "sha256:e6d2677a32f47fc7eb2795db1dd15c1f34eff616bcaf2cfb5e997f854fa1c4a6"},
]
zarr = [
    {file = "zarr-2.12.0-py3-none-any.whl", hash = "sha256:3713f28f3fafa838f62bb442504da8e89bb969ecd1da09c9a96927536ec9be34"},
    {file = "zarr-2.12.0.tar.gz", hash = "sha256:515a31ee4bad6bb48ae05178c588ae49a02a35defa01dd9a3293306903368165"},
]
